
Microsoft Visual Studio Solution File, Format Version 12.00
# Visual Studio 14
VisualStudioVersion = 14.0.25123.0
MinimumVisualStudioVersion = 10.0.40219.1
Project("{FAE04EC0-301F-11D3-BF4B-00C04F79EFBC}") = "GuestManagement", "GuestManagement\GuestManagement.csproj", "{59FF8E5E-0AA1-4C90-9A57-2929EC70C296}"
EndProject
Global
	GlobalSection(SolutionConfigurationPlatforms) = preSolution
		Debug|Any CPU = Debug|Any CPU
		Release|Any CPU = Release|Any CPU
	EndGlobalSection
	GlobalSection(ProjectConfigurationPlatforms) = postSolution
		{59FF8E5E-0AA1-4C90-9A57-2929EC70C296}.Debug|Any CPU.ActiveCfg = Debug|Any CPU
		{59FF8E5E-0AA1-4C90-9A57-2929EC70C296}.Debug|Any CPU.Build.0 = Debug|Any CPU
		{59FF8E5E-0AA1-4C90-9A57-2929EC70C296}.Release|Any CPU.ActiveCfg = Release|Any CPU
		{59FF8E5E-0AA1-4C90-9A57-2929EC70C296}.Release|Any CPU.Build.0 = Release|Any CPU
	EndGlobalSection
	GlobalSection(SolutionProperties) = preSolution
		HideSolutionNode = FALSE
	EndGlobalSection
EndGlobal
